
Microsoft Visual Studio Solution File, Format Version 12.00
# Visual Studio Version 17
VisualStudioVersion = 17.4.33110.190
MinimumVisualStudioVersion = 10.0.40219.1
Project("{9A19103F-16F7-4668-BE54-9A1E7A4F7556}") = "ExerciseTracker", "ExerciseTracker.csproj", "{34199936-C616-4F67-B254-ACA500CF7240}"
EndProject
Global
	GlobalSection(SolutionConfigurationPlatforms) = preSolution
		Debug|Any CPU = Debug|Any CPU
		Release|Any CPU = Release|Any CPU
	EndGlobalSection
	GlobalSection(ProjectConfigurationPlatforms) = postSolution
		{34199936-C616-4F67-B254-ACA500CF7240}.Debug|Any CPU.ActiveCfg = Debug|Any CPU
		{34199936-C616-4F67-B254-ACA500CF7240}.Debug|Any CPU.Build.0 = Debug|Any CPU
		{34199936-C616-4F67-B254-ACA500CF7240}.Release|Any CPU.ActiveCfg = Release|Any CPU
		{34199936-C616-4F67-B254-ACA500CF7240}.Release|Any CPU.Build.0 = Release|Any CPU
	EndGlobalSection
	GlobalSection(SolutionProperties) = preSolution
		HideSolutionNode = FALSE
	EndGlobalSection
	GlobalSection(ExtensibilityGlobals) = postSolution
		SolutionGuid = {55C0A5C8-54DC-40E0-AB20-8EDD0431E6F5}
	EndGlobalSection
EndGlobal
